
Microsoft Visual Studio Solution File, Format Version 12.00
# Visual Studio Version 16
VisualStudioVersion = 16.0.29911.84
MinimumVisualStudioVersion = 10.0.40219.1
Project("{FAE04EC0-301F-11D3-BF4B-00C04F79EFBC}") = "STORE DIFFERNT TYPES IN ARRAY", "STORE DIFFERNT TYPES IN ARRAY\STORE DIFFERNT TYPES IN ARRAY.csproj", "{C147708C-7388-40E3-98B5-3F32C53BDD85}"
EndProject
Global
	GlobalSection(SolutionConfigurationPlatforms) = preSolution
		Debug|Any CPU = Debug|Any CPU
		Release|Any CPU = Release|Any CPU
	EndGlobalSection
	GlobalSection(ProjectConfigurationPlatforms) = postSolution
		{C147708C-7388-40E3-98B5-3F32C53BDD85}.Debug|Any CPU.ActiveCfg = Debug|Any CPU
		{C147708C-7388-40E3-98B5-3F32C53BDD85}.Debug|Any CPU.Build.0 = Debug|Any CPU
		{C147708C-7388-40E3-98B5-3F32C53BDD85}.Release|Any CPU.ActiveCfg = Release|Any CPU
		{C147708C-7388-40E3-98B5-3F32C53BDD85}.Release|Any CPU.Build.0 = Release|Any CPU
	EndGlobalSection
	GlobalSection(SolutionProperties) = preSolution
		HideSolutionNode = FALSE
	EndGlobalSection
	GlobalSection(ExtensibilityGlobals) = postSolution
		SolutionGuid = {1F0C48A2-58CD-4E27-81DD-08389956DE0F}
	EndGlobalSection
EndGlobal
